
Microsoft Visual Studio Solution File, Format Version 12.00
# Visual Studio Version 16
VisualStudioVersion = 16.0.30114.105
MinimumVisualStudioVersion = 10.0.40219.1
Project("{FAE04EC0-301F-11D3-BF4B-00C04F79EFBC}") = "Paul_Chastain_Bash-a-monster", "Paul_Chastain_Bash-a-monster\Paul_Chastain_Bash-a-monster.csproj", "{BC647722-204B-4A99-A438-93964B6C138E}"
EndProject
Global
	GlobalSection(SolutionConfigurationPlatforms) = preSolution
		Debug|Any CPU = Debug|Any CPU
		Release|Any CPU = Release|Any CPU
	EndGlobalSection
	GlobalSection(SolutionProperties) = preSolution
		HideSolutionNode = FALSE
	EndGlobalSection
	GlobalSection(ProjectConfigurationPlatforms) = postSolution
		{BC647722-204B-4A99-A438-93964B6C138E}.Debug|Any CPU.ActiveCfg = Debug|Any CPU
		{BC647722-204B-4A99-A438-93964B6C138E}.Debug|Any CPU.Build.0 = Debug|Any CPU
		{BC647722-204B-4A99-A438-93964B6C138E}.Release|Any CPU.ActiveCfg = Release|Any CPU
		{BC647722-204B-4A99-A438-93964B6C138E}.Release|Any CPU.Build.0 = Release|Any CPU
	EndGlobalSection
EndGlobal
